{
	"name": "jvm-bytecode-viewer",
	"version": "0.2.6",
	"lockfileVersion": 1,
	"requires": true,
	"dependencies": {
		"@types/adm-zip": {
			"version": "0.4.33",
			"resolved": "https://registry.npmjs.org/@types/adm-zip/-/adm-zip-0.4.33.tgz",
			"integrity": "sha512-WM0DCWFLjXtddl0fu0+iN2ZF+qz8RF9RddG5OSy/S90AQz01Fu8lHn/3oTIZDxvG8gVcnBLAHMHOdBLbV6m6Mw==",
			"dev": true,
			"requires": {
				"@types/node": "*"
			}
		},
		"@types/node": {
			"version": "14.0.26",
			"resolved": "https://registry.npmjs.org/@types/node/-/node-14.0.26.tgz",
			"integrity": "sha512-W+fpe5s91FBGE0pEa0lnqGLL4USgpLgs4nokw16SrBBco/gQxuua7KnArSEOd5iaMqbbSHV10vUDkJYJJqpXKA==",
			"dev": true
		},
		"@types/vscode": {
			"version": "1.47.0",
			"resolved": "https://registry.npmjs.org/@types/vscode/-/vscode-1.47.0.tgz",
			"integrity": "sha512-nJA37ykkz9FYA0ZOQUSc3OZnhuzEW2vUhUEo4MiduUo82jGwwcLfyvmgd/Q7b0WrZAAceojGhZybg319L24bTA==",
			"dev": true
		},
		"adm-zip": {
			"version": "0.4.16",
			"resolved": "https://registry.npmjs.org/adm-zip/-/adm-zip-0.4.16.tgz",
			"integrity": "sha512-TFi4HBKSGfIKsK5YCkKaaFG2m4PEDyViZmEwof3MTIgzimHLto6muaHVpbrljdIvIrFZzEq/p4nafOeLcYegrg=="
		},
		"typescript": {
			"version": "3.9.7",
			"resolved": "https://registry.npmjs.org/typescript/-/typescript-3.9.7.tgz",
			"integrity": "sha512-BLbiRkiBzAwsjut4x/dsibSTB6yWpwT5qWmC2OfuCg3GgVQCSgMs4vEctYPhsaGtd0AeuuHMkjZ2h2WG8MSzRw==",
			"dev": true
		}
	}
}
